// !$*UTF8*$!
{
	archiveVersion = 1;
	classes = {
	};
	objectVersion = 51;
	objects = {

/* Begin PBXBuildFile section */
		1ED0BF487326E740A9C16C18 /* Pods_AllTrailsTests.framework in Frameworks */ = {isa = PBXBuildFile; fileRef = 3CF04E1626FD4A180C58EE27 /* Pods_AllTrailsTests.framework */; };
		9F19972920835FCB65B808A6 /* Pods_AllTrails_AllTrailsUITests.framework in Frameworks */ = {isa = PBXBuildFile; fileRef = D2C0326B349694FA84B25A10 /* Pods_AllTrails_AllTrailsUITests.framework */; };
		A118A11B20222AE10C8AE457 /* Pods_AllTrails.framework in Frameworks */ = {isa = PBXBuildFile; fileRef = 735B21E0BAAB7DBE6BDA0632 /* Pods_AllTrails.framework */; };
		C12CF371256E254100FD4651 /* LunchListViewController.swift in Sources */ = {isa = PBXBuildFile; fileRef = C12CF370256E254100FD4651 /* LunchListViewController.swift */; };
		C130B71A25703F07002E773B /* LocationService.swift in Sources */ = {isa = PBXBuildFile; fileRef = C130B71925703F07002E773B /* LocationService.swift */; };
		C130B71F2570460B002E773B /* ATFloatingButton.swift in Sources */ = {isa = PBXBuildFile; fileRef = C130B71E2570460B002E773B /* ATFloatingButton.swift */; };
		C130B724257046B1002E773B /* ATToggleButton.swift in Sources */ = {isa = PBXBuildFile; fileRef = C130B723257046B1002E773B /* ATToggleButton.swift */; };
		C130B7322570562B002E773B /* Log.swift in Sources */ = {isa = PBXBuildFile; fileRef = C130B7312570562B002E773B /* Log.swift */; };
		C130B73725705906002E773B /* LunchMarkerRestaurantView.swift in Sources */ = {isa = PBXBuildFile; fileRef = C130B73625705906002E773B /* LunchMarkerRestaurantView.swift */; };
		C130B73C25705910002E773B /* LunchMarkerRestaurantView.xib in Resources */ = {isa = PBXBuildFile; fileRef = C130B73B25705910002E773B /* LunchMarkerRestaurantView.xib */; };
		C130B74525705BF7002E773B /* UIView+NibLoadable.swift in Sources */ = {isa = PBXBuildFile; fileRef = C130B74425705BF7002E773B /* UIView+NibLoadable.swift */; };
		C130B75A25707CF0002E773B /* ATMapMarker.swift in Sources */ = {isa = PBXBuildFile; fileRef = C130B75925707CF0002E773B /* ATMapMarker.swift */; };
		C16DC6CC256DF325004F27CE /* AppDelegate.swift in Sources */ = {isa = PBXBuildFile; fileRef = C16DC6CB256DF325004F27CE /* AppDelegate.swift */; };
		C16DC6CE256DF325004F27CE /* SceneDelegate.swift in Sources */ = {isa = PBXBuildFile; fileRef = C16DC6CD256DF325004F27CE /* SceneDelegate.swift */; };
		C16DC6D0256DF325004F27CE /* MainViewController.swift in Sources */ = {isa = PBXBuildFile; fileRef = C16DC6CF256DF325004F27CE /* MainViewController.swift */; };
		C16DC6D3256DF325004F27CE /* Main.storyboard in Resources */ = {isa = PBXBuildFile; fileRef = C16DC6D1256DF325004F27CE /* Main.storyboard */; };
		C16DC6D5256DF327004F27CE /* Assets.xcassets in Resources */ = {isa = PBXBuildFile; fileRef = C16DC6D4256DF327004F27CE /* Assets.xcassets */; };
		C16DC6D8256DF327004F27CE /* LaunchScreen.storyboard in Resources */ = {isa = PBXBuildFile; fileRef = C16DC6D6256DF327004F27CE /* LaunchScreen.storyboard */; };
		C16DC6E3256DF327004F27CE /* AllTrailsTests.swift in Sources */ = {isa = PBXBuildFile; fileRef = C16DC6E2256DF327004F27CE /* AllTrailsTests.swift */; };
		C16DC6EE256DF327004F27CE /* AllTrailsUITests.swift in Sources */ = {isa = PBXBuildFile; fileRef = C16DC6ED256DF327004F27CE /* AllTrailsUITests.swift */; };
		C16DC70C256DF398004F27CE /* UIImageView+RemoteImageURL.swift in Sources */ = {isa = PBXBuildFile; fileRef = C16DC70A256DF398004F27CE /* UIImageView+RemoteImageURL.swift */; };
		C16DC70D256DF398004F27CE /* UIView+AutoLayout.swift in Sources */ = {isa = PBXBuildFile; fileRef = C16DC70B256DF398004F27CE /* UIView+AutoLayout.swift */; };
		C16DC712256DF3C9004F27CE /* API.swift in Sources */ = {isa = PBXBuildFile; fileRef = C16DC711256DF3C9004F27CE /* API.swift */; };
		C16DC717256DF3D7004F27CE /* NetworkManager.swift in Sources */ = {isa = PBXBuildFile; fileRef = C16DC716256DF3D7004F27CE /* NetworkManager.swift */; };
		C16DC71C256DF3E8004F27CE /* GooglePlacesAPI.swift in Sources */ = {isa = PBXBuildFile; fileRef = C16DC71B256DF3E8004F27CE /* GooglePlacesAPI.swift */; };
		C1A6BF4F256E34770098F6B3 /* Assets.swift in Sources */ = {isa = PBXBuildFile; fileRef = C1A6BF4E256E34770098F6B3 /* Assets.swift */; };
		C1A6BF56256E3A920098F6B3 /* ProximaNova-Regular.otf in Resources */ = {isa = PBXBuildFile; fileRef = C1A6BF54256E3A920098F6B3 /* ProximaNova-Regular.otf */; };
		C1A6BF57256E3A920098F6B3 /* ProximaNova-Bold.otf in Resources */ = {isa = PBXBuildFile; fileRef = C1A6BF55256E3A920098F6B3 /* ProximaNova-Bold.otf */; };
		C1A6BFC4256ED1C20098F6B3 /* Fonts.swift in Sources */ = {isa = PBXBuildFile; fileRef = C1A6BFC3256ED1C20098F6B3 /* Fonts.swift */; };
		C1A6C01A256ED2A80098F6B3 /* TextStyle.swift in Sources */ = {isa = PBXBuildFile; fileRef = C1A6C019256ED2A70098F6B3 /* TextStyle.swift */; };
		C1A6C028256EF95C0098F6B3 /* Localizable.strings in Resources */ = {isa = PBXBuildFile; fileRef = C1A6C027256EF95C0098F6B3 /* Localizable.strings */; };
		C1A6C031256EFB7E0098F6B3 /* CandidateCell.swift in Sources */ = {isa = PBXBuildFile; fileRef = C1A6C030256EFB7E0098F6B3 /* CandidateCell.swift */; };
		C1A6C039256F228A0098F6B3 /* UIViewController+ChildViewController.swift in Sources */ = {isa = PBXBuildFile; fileRef = C1A6C038256F228A0098F6B3 /* UIViewController+ChildViewController.swift */; };
		C1A6C03E256F25910098F6B3 /* LunchMapViewController.swift in Sources */ = {isa = PBXBuildFile; fileRef = C1A6C03D256F25910098F6B3 /* LunchMapViewController.swift */; };
		C1A6C044256F3D650098F6B3 /* ATSearchBar.swift in Sources */ = {isa = PBXBuildFile; fileRef = C1A6C043256F3D650098F6B3 /* ATSearchBar.swift */; };
		C1A6C049256F6D9F0098F6B3 /* UIView+Shadow.swift in Sources */ = {isa = PBXBuildFile; fileRef = C1A6C048256F6D9F0098F6B3 /* UIView+Shadow.swift */; };
		C1DDEE1C256E022D00F861DC /* NearbyPlacesResponse.swift in Sources */ = {isa = PBXBuildFile; fileRef = C1DDEE1B256E022D00F861DC /* NearbyPlacesResponse.swift */; };
		C1DDEE2C256E1C8700F861DC /* Storyboard.swift in Sources */ = {isa = PBXBuildFile; fileRef = C1DDEE29256E1C8700F861DC /* Storyboard.swift */; };
		C1DDEE2D256E1C8700F861DC /* L10n.swift in Sources */ = {isa = PBXBuildFile; fileRef = C1DDEE2A256E1C8700F861DC /* L10n.swift */; };
		C1DDEE3B256E1CD500F861DC /* Colors.xcassets in Resources */ = {isa = PBXBuildFile; fileRef = C1DDEE3A256E1CD500F861DC /* Colors.xcassets */; };
/* End PBXBuildFile section */

/* Begin PBXContainerItemProxy section */
		C16DC6DF256DF327004F27CE /* PBXContainerItemProxy */ = {
			isa = PBXContainerItemProxy;
			containerPortal = C16DC6C0256DF325004F27CE /* Project object */;
			proxyType = 1;
			remoteGlobalIDString = C16DC6C7256DF325004F27CE;
			remoteInfo = AllTrails;
		};
		C16DC6EA256DF327004F27CE /* PBXContainerItemProxy */ = {
			isa = PBXContainerItemProxy;
			containerPortal = C16DC6C0256DF325004F27CE /* Project object */;
			proxyType = 1;
			remoteGlobalIDString = C16DC6C7256DF325004F27CE;
			remoteInfo = AllTrails;
		};
/* End PBXContainerItemProxy section */

/* Begin PBXFileReference section */
		1C25D633DA460829758D2C79 /* Pods-AllTrails-AllTrailsUITests.debug.xcconfig */ = {isa = PBXFileReference; includeInIndex = 1; lastKnownFileType = text.xcconfig; name = "Pods-AllTrails-AllTrailsUITests.debug.xcconfig"; path = "Target Support Files/Pods-AllTrails-AllTrailsUITests/Pods-AllTrails-AllTrailsUITests.debug.xcconfig"; sourceTree = "<group>"; };
		3CF04E1626FD4A180C58EE27 /* Pods_AllTrailsTests.framework */ = {isa = PBXFileReference; explicitFileType = wrapper.framework; includeInIndex = 0; path = Pods_AllTrailsTests.framework; sourceTree = BUILT_PRODUCTS_DIR; };
		41C0528A46A3774E47C7C907 /* Pods-AllTrailsTests.debug.xcconfig */ = {isa = PBXFileReference; includeInIndex = 1; lastKnownFileType = text.xcconfig; name = "Pods-AllTrailsTests.debug.xcconfig"; path = "Target Support Files/Pods-AllTrailsTests/Pods-AllTrailsTests.debug.xcconfig"; sourceTree = "<group>"; };
		735B21E0BAAB7DBE6BDA0632 /* Pods_AllTrails.framework */ = {isa = PBXFileReference; explicitFileType = wrapper.framework; includeInIndex = 0; path = Pods_AllTrails.framework; sourceTree = BUILT_PRODUCTS_DIR; };
		AE0B438C5786C66AB26501B7 /* Pods-AllTrails.debug.xcconfig */ = {isa = PBXFileReference; includeInIndex = 1; lastKnownFileType = text.xcconfig; name = "Pods-AllTrails.debug.xcconfig"; path = "Target Support Files/Pods-AllTrails/Pods-AllTrails.debug.xcconfig"; sourceTree = "<group>"; };
		C12CF370256E254100FD4651 /* LunchListViewController.swift */ = {isa = PBXFileReference; lastKnownFileType = sourcecode.swift; path = LunchListViewController.swift; sourceTree = "<group>"; };
		C130B71925703F07002E773B /* LocationService.swift */ = {isa = PBXFileReference; lastKnownFileType = sourcecode.swift; path = LocationService.swift; sourceTree = "<group>"; };
		C130B71E2570460B002E773B /* ATFloatingButton.swift */ = {isa = PBXFileReference; lastKnownFileType = sourcecode.swift; path = ATFloatingButton.swift; sourceTree = "<group>"; };
		C130B723257046B1002E773B /* ATToggleButton.swift */ = {isa = PBXFileReference; lastKnownFileType = sourcecode.swift; path = ATToggleButton.swift; sourceTree = "<group>"; };
		C130B7312570562B002E773B /* Log.swift */ = {isa = PBXFileReference; lastKnownFileType = sourcecode.swift; path = Log.swift; sourceTree = "<group>"; };
		C130B73625705906002E773B /* LunchMarkerRestaurantView.swift */ = {isa = PBXFileReference; lastKnownFileType = sourcecode.swift; path = LunchMarkerRestaurantView.swift; sourceTree = "<group>"; };
		C130B73B25705910002E773B /* LunchMarkerRestaurantView.xib */ = {isa = PBXFileReference; lastKnownFileType = file.xib; path = LunchMarkerRestaurantView.xib; sourceTree = "<group>"; };
		C130B74425705BF7002E773B /* UIView+NibLoadable.swift */ = {isa = PBXFileReference; lastKnownFileType = sourcecode.swift; path = "UIView+NibLoadable.swift"; sourceTree = "<group>"; };
		C130B75925707CF0002E773B /* ATMapMarker.swift */ = {isa = PBXFileReference; lastKnownFileType = sourcecode.swift; path = ATMapMarker.swift; sourceTree = "<group>"; };
		C16DC6C8256DF325004F27CE /* AllTrails.app */ = {isa = PBXFileReference; explicitFileType = wrapper.application; includeInIndex = 0; path = AllTrails.app; sourceTree = BUILT_PRODUCTS_DIR; };
		C16DC6CB256DF325004F27CE /* AppDelegate.swift */ = {isa = PBXFileReference; lastKnownFileType = sourcecode.swift; path = AppDelegate.swift; sourceTree = "<group>"; };
		C16DC6CD256DF325004F27CE /* SceneDelegate.swift */ = {isa = PBXFileReference; lastKnownFileType = sourcecode.swift; path = SceneDelegate.swift; sourceTree = "<group>"; };
		C16DC6CF256DF325004F27CE /* MainViewController.swift */ = {isa = PBXFileReference; lastKnownFileType = sourcecode.swift; path = MainViewController.swift; sourceTree = "<group>"; };
		C16DC6D2256DF325004F27CE /* Base */ = {isa = PBXFileReference; lastKnownFileType = file.storyboard; name = Base; path = Base.lproj/Main.storyboard; sourceTree = "<group>"; };
		C16DC6D4256DF327004F27CE /* Assets.xcassets */ = {isa = PBXFileReference; lastKnownFileType = folder.assetcatalog; path = Assets.xcassets; sourceTree = "<group>"; };
		C16DC6D7256DF327004F27CE /* Base */ = {isa = PBXFileReference; lastKnownFileType = file.storyboard; name = Base; path = Base.lproj/LaunchScreen.storyboard; sourceTree = "<group>"; };
		C16DC6D9256DF327004F27CE /* Info.plist */ = {isa = PBXFileReference; lastKnownFileType = text.plist.xml; path = Info.plist; sourceTree = "<group>"; };
		C16DC6DE256DF327004F27CE /* AllTrailsTests.xctest */ = {isa = PBXFileReference; explicitFileType = wrapper.cfbundle; includeInIndex = 0; path = AllTrailsTests.xctest; sourceTree = BUILT_PRODUCTS_DIR; };
		C16DC6E2256DF327004F27CE /* AllTrailsTests.swift */ = {isa = PBXFileReference; lastKnownFileType = sourcecode.swift; path = AllTrailsTests.swift; sourceTree = "<group>"; };
		C16DC6E4256DF327004F27CE /* Info.plist */ = {isa = PBXFileReference; lastKnownFileType = text.plist.xml; path = Info.plist; sourceTree = "<group>"; };
		C16DC6E9256DF327004F27CE /* AllTrailsUITests.xctest */ = {isa = PBXFileReference; explicitFileType = wrapper.cfbundle; includeInIndex = 0; path = AllTrailsUITests.xctest; sourceTree = BUILT_PRODUCTS_DIR; };
		C16DC6ED256DF327004F27CE /* AllTrailsUITests.swift */ = {isa = PBXFileReference; lastKnownFileType = sourcecode.swift; path = AllTrailsUITests.swift; sourceTree = "<group>"; };
		C16DC6EF256DF327004F27CE /* Info.plist */ = {isa = PBXFileReference; lastKnownFileType = text.plist.xml; path = Info.plist; sourceTree = "<group>"; };
		C16DC70A256DF398004F27CE /* UIImageView+RemoteImageURL.swift */ = {isa = PBXFileReference; fileEncoding = 4; lastKnownFileType = sourcecode.swift; path = "UIImageView+RemoteImageURL.swift"; sourceTree = "<group>"; };
		C16DC70B256DF398004F27CE /* UIView+AutoLayout.swift */ = {isa = PBXFileReference; fileEncoding = 4; lastKnownFileType = sourcecode.swift; path = "UIView+AutoLayout.swift"; sourceTree = "<group>"; };
		C16DC711256DF3C9004F27CE /* API.swift */ = {isa = PBXFileReference; fileEncoding = 4; lastKnownFileType = sourcecode.swift; path = API.swift; sourceTree = "<group>"; };
		C16DC716256DF3D7004F27CE /* NetworkManager.swift */ = {isa = PBXFileReference; fileEncoding = 4; lastKnownFileType = sourcecode.swift; path = NetworkManager.swift; sourceTree = "<group>"; };
		C16DC71B256DF3E8004F27CE /* GooglePlacesAPI.swift */ = {isa = PBXFileReference; fileEncoding = 4; lastKnownFileType = sourcecode.swift; path = GooglePlacesAPI.swift; sourceTree = "<group>"; };
		C1A6BF4E256E34770098F6B3 /* Assets.swift */ = {isa = PBXFileReference; fileEncoding = 4; lastKnownFileType = sourcecode.swift; path = Assets.swift; sourceTree = "<group>"; };
		C1A6BF54256E3A920098F6B3 /* ProximaNova-Regular.otf */ = {isa = PBXFileReference; lastKnownFileType = file; path = "ProximaNova-Regular.otf"; sourceTree = "<group>"; };
		C1A6BF55256E3A920098F6B3 /* ProximaNova-Bold.otf */ = {isa = PBXFileReference; lastKnownFileType = file; path = "ProximaNova-Bold.otf"; sourceTree = "<group>"; };
		C1A6BFC3256ED1C20098F6B3 /* Fonts.swift */ = {isa = PBXFileReference; fileEncoding = 4; lastKnownFileType = sourcecode.swift; path = Fonts.swift; sourceTree = "<group>"; };
		C1A6C019256ED2A70098F6B3 /* TextStyle.swift */ = {isa = PBXFileReference; lastKnownFileType = sourcecode.swift; path = TextStyle.swift; sourceTree = "<group>"; };
		C1A6C027256EF95C0098F6B3 /* Localizable.strings */ = {isa = PBXFileReference; lastKnownFileType = text.plist.strings; path = Localizable.strings; sourceTree = "<group>"; };
		C1A6C030256EFB7E0098F6B3 /* CandidateCell.swift */ = {isa = PBXFileReference; lastKnownFileType = sourcecode.swift; path = CandidateCell.swift; sourceTree = "<group>"; };
		C1A6C038256F228A0098F6B3 /* UIViewController+ChildViewController.swift */ = {isa = PBXFileReference; lastKnownFileType = sourcecode.swift; path = "UIViewController+ChildViewController.swift"; sourceTree = "<group>"; };
		C1A6C03D256F25910098F6B3 /* LunchMapViewController.swift */ = {isa = PBXFileReference; lastKnownFileType = sourcecode.swift; path = LunchMapViewController.swift; sourceTree = "<group>"; };
		C1A6C043256F3D650098F6B3 /* ATSearchBar.swift */ = {isa = PBXFileReference; lastKnownFileType = sourcecode.swift; path = ATSearchBar.swift; sourceTree = "<group>"; };
		C1A6C048256F6D9F0098F6B3 /* UIView+Shadow.swift */ = {isa = PBXFileReference; lastKnownFileType = sourcecode.swift; path = "UIView+Shadow.swift"; sourceTree = "<group>"; };
		C1DDEE1B256E022D00F861DC /* NearbyPlacesResponse.swift */ = {isa = PBXFileReference; lastKnownFileType = sourcecode.swift; path = NearbyPlacesResponse.swift; sourceTree = "<group>"; };
		C1DDEE29256E1C8700F861DC /* Storyboard.swift */ = {isa = PBXFileReference; fileEncoding = 4; lastKnownFileType = sourcecode.swift; path = Storyboard.swift; sourceTree = "<group>"; };
		C1DDEE2A256E1C8700F861DC /* L10n.swift */ = {isa = PBXFileReference; fileEncoding = 4; lastKnownFileType = sourcecode.swift; path = L10n.swift; sourceTree = "<group>"; };
		C1DDEE3A256E1CD500F861DC /* Colors.xcassets */ = {isa = PBXFileReference; lastKnownFileType = folder.assetcatalog; path = Colors.xcassets; sourceTree = "<group>"; };
		D2C0326B349694FA84B25A10 /* Pods_AllTrails_AllTrailsUITests.framework */ = {isa = PBXFileReference; explicitFileType = wrapper.framework; includeInIndex = 0; path = Pods_AllTrails_AllTrailsUITests.framework; sourceTree = BUILT_PRODUCTS_DIR; };
		DD9B3B01AF452167FB07DB5E /* Pods-AllTrails.release.xcconfig */ = {isa = PBXFileReference; includeInIndex = 1; lastKnownFileType = text.xcconfig; name = "Pods-AllTrails.release.xcconfig"; path = "Target Support Files/Pods-AllTrails/Pods-AllTrails.release.xcconfig"; sourceTree = "<group>"; };
		FC98B90F9B70200357D7CAA8 /* Pods-AllTrailsTests.release.xcconfig */ = {isa = PBXFileReference; includeInIndex = 1; lastKnownFileType = text.xcconfig; name = "Pods-AllTrailsTests.release.xcconfig"; path = "Target Support Files/Pods-AllTrailsTests/Pods-AllTrailsTests.release.xcconfig"; sourceTree = "<group>"; };
		FF5713F0657674050850C502 /* Pods-AllTrails-AllTrailsUITests.release.xcconfig */ = {isa = PBXFileReference; includeInIndex = 1; lastKnownFileType = text.xcconfig; name = "Pods-AllTrails-AllTrailsUITests.release.xcconfig"; path = "Target Support Files/Pods-AllTrails-AllTrailsUITests/Pods-AllTrails-AllTrailsUITests.release.xcconfig"; sourceTree = "<group>"; };
/* End PBXFileReference section */

/* Begin PBXFrameworksBuildPhase section */
		C16DC6C5256DF325004F27CE /* Frameworks */ = {
			isa = PBXFrameworksBuildPhase;
			buildActionMask = 2147483647;
			files = (
				A118A11B20222AE10C8AE457 /* Pods_AllTrails.framework in Frameworks */,
			);
			runOnlyForDeploymentPostprocessing = 0;
		};
		C16DC6DB256DF327004F27CE /* Frameworks */ = {
			isa = PBXFrameworksBuildPhase;
			buildActionMask = 2147483647;
			files = (
				1ED0BF487326E740A9C16C18 /* Pods_AllTrailsTests.framework in Frameworks */,
			);
			runOnlyForDeploymentPostprocessing = 0;
		};
		C16DC6E6256DF327004F27CE /* Frameworks */ = {
			isa = PBXFrameworksBuildPhase;
			buildActionMask = 2147483647;
			files = (
				9F19972920835FCB65B808A6 /* Pods_AllTrails_AllTrailsUITests.framework in Frameworks */,
			);
			runOnlyForDeploymentPostprocessing = 0;
		};
/* End PBXFrameworksBuildPhase section */

/* Begin PBXGroup section */
		28CF8F180F793C6008B90333 /* Frameworks */ = {
			isa = PBXGroup;
			children = (
				735B21E0BAAB7DBE6BDA0632 /* Pods_AllTrails.framework */,
				D2C0326B349694FA84B25A10 /* Pods_AllTrails_AllTrailsUITests.framework */,
				3CF04E1626FD4A180C58EE27 /* Pods_AllTrailsTests.framework */,
			);
			name = Frameworks;
			sourceTree = "<group>";
		};
		B1C8B0BFDB33CD60F17976A7 /* Pods */ = {
			isa = PBXGroup;
			children = (
				AE0B438C5786C66AB26501B7 /* Pods-AllTrails.debug.xcconfig */,
				DD9B3B01AF452167FB07DB5E /* Pods-AllTrails.release.xcconfig */,
				1C25D633DA460829758D2C79 /* Pods-AllTrails-AllTrailsUITests.debug.xcconfig */,
				FF5713F0657674050850C502 /* Pods-AllTrails-AllTrailsUITests.release.xcconfig */,
				41C0528A46A3774E47C7C907 /* Pods-AllTrailsTests.debug.xcconfig */,
				FC98B90F9B70200357D7CAA8 /* Pods-AllTrailsTests.release.xcconfig */,
			);
			path = Pods;
			sourceTree = "<group>";
		};
		C130B70B257038E7002E773B /* Screens */ = {
			isa = PBXGroup;
			children = (
				C16DC6CF256DF325004F27CE /* MainViewController.swift */,
				C12CF370256E254100FD4651 /* LunchListViewController.swift */,
				C1A6C03D256F25910098F6B3 /* LunchMapViewController.swift */,
			);
			path = Screens;
			sourceTree = "<group>";
		};
		C130B71825703EF6002E773B /* Services */ = {
			isa = PBXGroup;
			children = (
				C130B71925703F07002E773B /* LocationService.swift */,
			);
			path = Services;
			sourceTree = "<group>";
		};
		C130B73025705623002E773B /* Utils */ = {
			isa = PBXGroup;
			children = (
				C130B7312570562B002E773B /* Log.swift */,
			);
			path = Utils;
			sourceTree = "<group>";
		};
		C130B74025705915002E773B /* Lunch Marker Restaurant View */ = {
			isa = PBXGroup;
			children = (
				C130B73625705906002E773B /* LunchMarkerRestaurantView.swift */,
				C130B73B25705910002E773B /* LunchMarkerRestaurantView.xib */,
			);
			path = "Lunch Marker Restaurant View";
			sourceTree = "<group>";
		};
		C130B75E25707E9D002E773B /* Endpoints */ = {
			isa = PBXGroup;
			children = (
				C16DC71B256DF3E8004F27CE /* GooglePlacesAPI.swift */,
			);
			path = Endpoints;
			sourceTree = "<group>";
		};
		C16DC6BF256DF325004F27CE = {
			isa = PBXGroup;
			children = (
				C16DC6CA256DF325004F27CE /* AllTrails */,
				C16DC6E1256DF327004F27CE /* AllTrailsTests */,
				C16DC6EC256DF327004F27CE /* AllTrailsUITests */,
				C16DC6C9256DF325004F27CE /* Products */,
				B1C8B0BFDB33CD60F17976A7 /* Pods */,
				28CF8F180F793C6008B90333 /* Frameworks */,
			);
			sourceTree = "<group>";
		};
		C16DC6C9256DF325004F27CE /* Products */ = {
			isa = PBXGroup;
			children = (
				C16DC6C8256DF325004F27CE /* AllTrails.app */,
				C16DC6DE256DF327004F27CE /* AllTrailsTests.xctest */,
				C16DC6E9256DF327004F27CE /* AllTrailsUITests.xctest */,
			);
			name = Products;
			sourceTree = "<group>";
		};
		C16DC6CA256DF325004F27CE /* AllTrails */ = {
			isa = PBXGroup;
			children = (
				C1DDEE28256E1C7300F861DC /* Resources */,
				C16DC6CB256DF325004F27CE /* AppDelegate.swift */,
				C16DC6CD256DF325004F27CE /* SceneDelegate.swift */,
				C130B73025705623002E773B /* Utils */,
				C1A6C042256F3D570098F6B3 /* UI Components */,
				C16DC700256DF34E004F27CE /* Extensions */,
				C16DC6FF256DF348004F27CE /* Network */,
				C16DC6FE256DF33E004F27CE /* Models */,
				C130B71825703EF6002E773B /* Services */,
				C130B70B257038E7002E773B /* Screens */,
				C1A6C02F256EFB6E0098F6B3 /* Views */,
				C16DC6D1256DF325004F27CE /* Main.storyboard */,
				C1DDEE3A256E1CD500F861DC /* Colors.xcassets */,
				C16DC6D4256DF327004F27CE /* Assets.xcassets */,
				C16DC6D6256DF327004F27CE /* LaunchScreen.storyboard */,
				C16DC6D9256DF327004F27CE /* Info.plist */,
			);
			path = AllTrails;
			sourceTree = "<group>";
		};
		C16DC6E1256DF327004F27CE /* AllTrailsTests */ = {
			isa = PBXGroup;
			children = (
				C16DC6E2256DF327004F27CE /* AllTrailsTests.swift */,
				C16DC6E4256DF327004F27CE /* Info.plist */,
			);
			path = AllTrailsTests;
			sourceTree = "<group>";
		};
		C16DC6EC256DF327004F27CE /* AllTrailsUITests */ = {
			isa = PBXGroup;
			children = (
				C16DC6ED256DF327004F27CE /* AllTrailsUITests.swift */,
				C16DC6EF256DF327004F27CE /* Info.plist */,
			);
			path = AllTrailsUITests;
			sourceTree = "<group>";
		};
		C16DC6FE256DF33E004F27CE /* Models */ = {
			isa = PBXGroup;
			children = (
				C1DDEE1B256E022D00F861DC /* NearbyPlacesResponse.swift */,
			);
			path = Models;
			sourceTree = "<group>";
		};
		C16DC6FF256DF348004F27CE /* Network */ = {
			isa = PBXGroup;
			children = (
				C16DC726256DF3F3004F27CE /* API */,
				C16DC716256DF3D7004F27CE /* NetworkManager.swift */,
			);
			path = Network;
			sourceTree = "<group>";
		};
		C16DC700256DF34E004F27CE /* Extensions */ = {
			isa = PBXGroup;
			children = (
				C16DC70A256DF398004F27CE /* UIImageView+RemoteImageURL.swift */,
				C16DC70B256DF398004F27CE /* UIView+AutoLayout.swift */,
				C1A6C038256F228A0098F6B3 /* UIViewController+ChildViewController.swift */,
				C1A6C048256F6D9F0098F6B3 /* UIView+Shadow.swift */,
				C130B74425705BF7002E773B /* UIView+NibLoadable.swift */,
			);
			path = Extensions;
			sourceTree = "<group>";
		};
		C16DC726256DF3F3004F27CE /* API */ = {
			isa = PBXGroup;
			children = (
				C16DC711256DF3C9004F27CE /* API.swift */,
				C130B75E25707E9D002E773B /* Endpoints */,
			);
			path = API;
			sourceTree = "<group>";
		};
		C1A6BF53256E3A850098F6B3 /* Supporting Files */ = {
			isa = PBXGroup;
			children = (
				C1A6BF55256E3A920098F6B3 /* ProximaNova-Bold.otf */,
				C1A6BF54256E3A920098F6B3 /* ProximaNova-Regular.otf */,
			);
			path = "Supporting Files";
			sourceTree = "<group>";
		};
		C1A6C02F256EFB6E0098F6B3 /* Views */ = {
			isa = PBXGroup;
			children = (
				C1A6C030256EFB7E0098F6B3 /* CandidateCell.swift */,
				C130B74025705915002E773B /* Lunch Marker Restaurant View */,
			);
			path = Views;
			sourceTree = "<group>";
		};
		C1A6C042256F3D570098F6B3 /* UI Components */ = {
			isa = PBXGroup;
			children = (
				C1A6C043256F3D650098F6B3 /* ATSearchBar.swift */,
				C130B71E2570460B002E773B /* ATFloatingButton.swift */,
				C130B723257046B1002E773B /* ATToggleButton.swift */,
				C130B75925707CF0002E773B /* ATMapMarker.swift */,
			);
			path = "UI Components";
			sourceTree = "<group>";
		};
		C1DDEE28256E1C7300F861DC /* Resources */ = {
			isa = PBXGroup;
			children = (
				C1A6C027256EF95C0098F6B3 /* Localizable.strings */,
				C1A6BF53256E3A850098F6B3 /* Supporting Files */,
				C1DDEE2A256E1C8700F861DC /* L10n.swift */,
				C1A6BF4E256E34770098F6B3 /* Assets.swift */,
				C1DDEE29256E1C8700F861DC /* Storyboard.swift */,
				C1A6BFC3256ED1C20098F6B3 /* Fonts.swift */,
				C1A6C019256ED2A70098F6B3 /* TextStyle.swift */,
			);
			path = Resources;
			sourceTree = "<group>";
		};
/* End PBXGroup section */

/* Begin PBXNativeTarget section */
		C16DC6C7256DF325004F27CE /* AllTrails */ = {
			isa = PBXNativeTarget;
			buildConfigurationList = C16DC6F2256DF327004F27CE /* Build configuration list for PBXNativeTarget "AllTrails" */;
			buildPhases = (
				D8A58A1253351A4C883C8813 /* [CP] Check Pods Manifest.lock */,
				C16DC6C4256DF325004F27CE /* Sources */,
				C16DC6C5256DF325004F27CE /* Frameworks */,
				C16DC6C6256DF325004F27CE /* Resources */,
				C1DDEE20256E042F00F861DC /* SwiftLint */,
				C141E376256E212100CB6A55 /* SwiftGen */,
				D260D1E49956231D3F66FE97 /* [CP] Copy Pods Resources */,
			);
			buildRules = (
			);
			dependencies = (
			);
			name = AllTrails;
			productName = AllTrails;
			productReference = C16DC6C8256DF325004F27CE /* AllTrails.app */;
			productType = "com.apple.product-type.application";
		};
		C16DC6DD256DF327004F27CE /* AllTrailsTests */ = {
			isa = PBXNativeTarget;
			buildConfigurationList = C16DC6F5256DF327004F27CE /* Build configuration list for PBXNativeTarget "AllTrailsTests" */;
			buildPhases = (
				10F6F8D21D6E257D6934C788 /* [CP] Check Pods Manifest.lock */,
				C16DC6DA256DF327004F27CE /* Sources */,
				C16DC6DB256DF327004F27CE /* Frameworks */,
				C16DC6DC256DF327004F27CE /* Resources */,
			);
			buildRules = (
			);
			dependencies = (
				C16DC6E0256DF327004F27CE /* PBXTargetDependency */,
			);
			name = AllTrailsTests;
			productName = AllTrailsTests;
			productReference = C16DC6DE256DF327004F27CE /* AllTrailsTests.xctest */;
			productType = "com.apple.product-type.bundle.unit-test";
		};
		C16DC6E8256DF327004F27CE /* AllTrailsUITests */ = {
			isa = PBXNativeTarget;
			buildConfigurationList = C16DC6F8256DF327004F27CE /* Build configuration list for PBXNativeTarget "AllTrailsUITests" */;
			buildPhases = (
				6F4FAFCB4C0456DE49828319 /* [CP] Check Pods Manifest.lock */,
				C16DC6E5256DF327004F27CE /* Sources */,
				C16DC6E6256DF327004F27CE /* Frameworks */,
				C16DC6E7256DF327004F27CE /* Resources */,
				EC260F9BE4254824ABE0C043 /* [CP] Copy Pods Resources */,
			);
			buildRules = (
			);
			dependencies = (
				C16DC6EB256DF327004F27CE /* PBXTargetDependency */,
			);
			name = AllTrailsUITests;
			productName = AllTrailsUITests;
			productReference = C16DC6E9256DF327004F27CE /* AllTrailsUITests.xctest */;
			productType = "com.apple.product-type.bundle.ui-testing";
		};
/* End PBXNativeTarget section */

/* Begin PBXProject section */
		C16DC6C0256DF325004F27CE /* Project object */ = {
			isa = PBXProject;
			attributes = {
				LastSwiftUpdateCheck = 1220;
				LastUpgradeCheck = 1220;
				TargetAttributes = {
					C16DC6C7256DF325004F27CE = {
						CreatedOnToolsVersion = 12.2;
					};
					C16DC6DD256DF327004F27CE = {
						CreatedOnToolsVersion = 12.2;
						TestTargetID = C16DC6C7256DF325004F27CE;
					};
					C16DC6E8256DF327004F27CE = {
						CreatedOnToolsVersion = 12.2;
						TestTargetID = C16DC6C7256DF325004F27CE;
					};
				};
			};
			buildConfigurationList = C16DC6C3256DF325004F27CE /* Build configuration list for PBXProject "AllTrails" */;
			compatibilityVersion = "Xcode 9.3";
			developmentRegion = en;
			hasScannedForEncodings = 0;
			knownRegions = (
				en,
				Base,
			);
			mainGroup = C16DC6BF256DF325004F27CE;
			productRefGroup = C16DC6C9256DF325004F27CE /* Products */;
			projectDirPath = "";
			projectRoot = "";
			targets = (
				C16DC6C7256DF325004F27CE /* AllTrails */,
				C16DC6DD256DF327004F27CE /* AllTrailsTests */,
				C16DC6E8256DF327004F27CE /* AllTrailsUITests */,
			);
		};
/* End PBXProject section */

/* Begin PBXResourcesBuildPhase section */
		C16DC6C6256DF325004F27CE /* Resources */ = {
			isa = PBXResourcesBuildPhase;
			buildActionMask = 2147483647;
			files = (
				C16DC6D8256DF327004F27CE /* LaunchScreen.storyboard in Resources */,
				C1A6BF56256E3A920098F6B3 /* ProximaNova-Regular.otf in Resources */,
				C1DDEE3B256E1CD500F861DC /* Colors.xcassets in Resources */,
				C1A6C028256EF95C0098F6B3 /* Localizable.strings in Resources */,
				C1A6BF57256E3A920098F6B3 /* ProximaNova-Bold.otf in Resources */,
				C16DC6D5256DF327004F27CE /* Assets.xcassets in Resources */,
				C130B73C25705910002E773B /* LunchMarkerRestaurantView.xib in Resources */,
				C16DC6D3256DF325004F27CE /* Main.storyboard in Resources */,
			);
			runOnlyForDeploymentPostprocessing = 0;
		};
		C16DC6DC256DF327004F27CE /* Resources */ = {
			isa = PBXResourcesBuildPhase;
			buildActionMask = 2147483647;
			files = (
			);
			runOnlyForDeploymentPostprocessing = 0;
		};
		C16DC6E7256DF327004F27CE /* Resources */ = {
			isa = PBXResourcesBuildPhase;
			buildActionMask = 2147483647;
			files = (
			);
			runOnlyForDeploymentPostprocessing = 0;
		};
/* End PBXResourcesBuildPhase section */

/* Begin PBXShellScriptBuildPhase section */
		10F6F8D21D6E257D6934C788 /* [CP] Check Pods Manifest.lock */ = {
			isa = PBXShellScriptBuildPhase;
			buildActionMask = 2147483647;
			files = (
			);
			inputFileListPaths = (
			);
			inputPaths = (
				"${PODS_PODFILE_DIR_PATH}/Podfile.lock",
				"${PODS_ROOT}/Manifest.lock",
			);
			name = "[CP] Check Pods Manifest.lock";
			outputFileListPaths = (
			);
			outputPaths = (
				"$(DERIVED_FILE_DIR)/Pods-AllTrailsTests-checkManifestLockResult.txt",
			);
			runOnlyForDeploymentPostprocessing = 0;
			shellPath = /bin/sh;
			shellScript = "diff \"${PODS_PODFILE_DIR_PATH}/Podfile.lock\" \"${PODS_ROOT}/Manifest.lock\" > /dev/null\nif [ $? != 0 ] ; then\n    # print error to STDERR\n    echo \"error: The sandbox is not in sync with the Podfile.lock. Run 'pod install' or update your CocoaPods installation.\" >&2\n    exit 1\nfi\n# This output is used by Xcode 'outputs' to avoid re-running this script phase.\necho \"SUCCESS\" > \"${SCRIPT_OUTPUT_FILE_0}\"\n";
			showEnvVarsInLog = 0;
		};
		6F4FAFCB4C0456DE49828319 /* [CP] Check Pods Manifest.lock */ = {
			isa = PBXShellScriptBuildPhase;
			buildActionMask = 2147483647;
			files = (
			);
			inputFileListPaths = (
			);
			inputPaths = (
				"${PODS_PODFILE_DIR_PATH}/Podfile.lock",
				"${PODS_ROOT}/Manifest.lock",
			);
			name = "[CP] Check Pods Manifest.lock";
			outputFileListPaths = (
			);
			outputPaths = (
				"$(DERIVED_FILE_DIR)/Pods-AllTrails-AllTrailsUITests-checkManifestLockResult.txt",
			);
			runOnlyForDeploymentPostprocessing = 0;
			shellPath = /bin/sh;
			shellScript = "diff \"${PODS_PODFILE_DIR_PATH}/Podfile.lock\" \"${PODS_ROOT}/Manifest.lock\" > /dev/null\nif [ $? != 0 ] ; then\n    # print error to STDERR\n    echo \"error: The sandbox is not in sync with the Podfile.lock. Run 'pod install' or update your CocoaPods installation.\" >&2\n    exit 1\nfi\n# This output is used by Xcode 'outputs' to avoid re-running this script phase.\necho \"SUCCESS\" > \"${SCRIPT_OUTPUT_FILE_0}\"\n";
			showEnvVarsInLog = 0;
		};
		C141E376256E212100CB6A55 /* SwiftGen */ = {
			isa = PBXShellScriptBuildPhase;
			buildActionMask = 2147483647;
			files = (
			);
			inputFileListPaths = (
			);
			inputPaths = (
			);
			name = SwiftGen;
			outputFileListPaths = (
			);
			outputPaths = (
			);
			runOnlyForDeploymentPostprocessing = 0;
			shellPath = /bin/sh;
			shellScript = "$PODS_ROOT/SwiftGen/bin/swiftgen config run --config swiftgen.yml\n";
		};
		C1DDEE20256E042F00F861DC /* SwiftLint */ = {
			isa = PBXShellScriptBuildPhase;
			buildActionMask = 2147483647;
			files = (
			);
			inputFileListPaths = (
			);
			inputPaths = (
			);
			name = SwiftLint;
			outputFileListPaths = (
			);
			outputPaths = (
			);
			runOnlyForDeploymentPostprocessing = 0;
			shellPath = /bin/sh;
			shellScript = "if which swiftlint >/dev/null; then\n  swiftlint\nelse\n  echo \"warning: SwiftLint not installed, download from https://github.com/realm/SwiftLint\"\nfi\n";
		};
		D260D1E49956231D3F66FE97 /* [CP] Copy Pods Resources */ = {
			isa = PBXShellScriptBuildPhase;
			buildActionMask = 2147483647;
			files = (
			);
			inputFileListPaths = (
				"${PODS_ROOT}/Target Support Files/Pods-AllTrails/Pods-AllTrails-resources-${CONFIGURATION}-input-files.xcfilelist",
			);
			name = "[CP] Copy Pods Resources";
			outputFileListPaths = (
				"${PODS_ROOT}/Target Support Files/Pods-AllTrails/Pods-AllTrails-resources-${CONFIGURATION}-output-files.xcfilelist",
			);
			runOnlyForDeploymentPostprocessing = 0;
			shellPath = /bin/sh;
			shellScript = "\"${PODS_ROOT}/Target Support Files/Pods-AllTrails/Pods-AllTrails-resources.sh\"\n";
			showEnvVarsInLog = 0;
		};
		D8A58A1253351A4C883C8813 /* [CP] Check Pods Manifest.lock */ = {
			isa = PBXShellScriptBuildPhase;
			buildActionMask = 2147483647;
			files = (
			);
			inputFileListPaths = (
			);
			inputPaths = (
				"${PODS_PODFILE_DIR_PATH}/Podfile.lock",
				"${PODS_ROOT}/Manifest.lock",
			);
			name = "[CP] Check Pods Manifest.lock";
			outputFileListPaths = (
			);
			outputPaths = (
				"$(DERIVED_FILE_DIR)/Pods-AllTrails-checkManifestLockResult.txt",
			);
			runOnlyForDeploymentPostprocessing = 0;
			shellPath = /bin/sh;
			shellScript = "diff \"${PODS_PODFILE_DIR_PATH}/Podfile.lock\" \"${PODS_ROOT}/Manifest.lock\" > /dev/null\nif [ $? != 0 ] ; then\n    # print error to STDERR\n    echo \"error: The sandbox is not in sync with the Podfile.lock. Run 'pod install' or update your CocoaPods installation.\" >&2\n    exit 1\nfi\n# This output is used by Xcode 'outputs' to avoid re-running this script phase.\necho \"SUCCESS\" > \"${SCRIPT_OUTPUT_FILE_0}\"\n";
			showEnvVarsInLog = 0;
		};
		EC260F9BE4254824ABE0C043 /* [CP] Copy Pods Resources */ = {
			isa = PBXShellScriptBuildPhase;
			buildActionMask = 2147483647;
			files = (
			);
			inputFileListPaths = (
				"${PODS_ROOT}/Target Support Files/Pods-AllTrails-AllTrailsUITests/Pods-AllTrails-AllTrailsUITests-resources-${CONFIGURATION}-input-files.xcfilelist",
			);
			name = "[CP] Copy Pods Resources";
			outputFileListPaths = (
				"${PODS_ROOT}/Target Support Files/Pods-AllTrails-AllTrailsUITests/Pods-AllTrails-AllTrailsUITests-resources-${CONFIGURATION}-output-files.xcfilelist",
			);
			runOnlyForDeploymentPostprocessing = 0;
			shellPath = /bin/sh;
			shellScript = "\"${PODS_ROOT}/Target Support Files/Pods-AllTrails-AllTrailsUITests/Pods-AllTrails-AllTrailsUITests-resources.sh\"\n";
			showEnvVarsInLog = 0;
		};
/* End PBXShellScriptBuildPhase section */

/* Begin PBXSourcesBuildPhase section */
		C16DC6C4256DF325004F27CE /* Sources */ = {
			isa = PBXSourcesBuildPhase;
			buildActionMask = 2147483647;
			files = (
				C130B74525705BF7002E773B /* UIView+NibLoadable.swift in Sources */,
				C16DC712256DF3C9004F27CE /* API.swift in Sources */,
				C1A6BFC4256ED1C20098F6B3 /* Fonts.swift in Sources */,
				C1DDEE2C256E1C8700F861DC /* Storyboard.swift in Sources */,
				C1DDEE1C256E022D00F861DC /* NearbyPlacesResponse.swift in Sources */,
				C130B71F2570460B002E773B /* ATFloatingButton.swift in Sources */,
				C16DC70C256DF398004F27CE /* UIImageView+RemoteImageURL.swift in Sources */,
				C1A6C01A256ED2A80098F6B3 /* TextStyle.swift in Sources */,
				C16DC71C256DF3E8004F27CE /* GooglePlacesAPI.swift in Sources */,
				C130B71A25703F07002E773B /* LocationService.swift in Sources */,
				C16DC70D256DF398004F27CE /* UIView+AutoLayout.swift in Sources */,
				C1A6C039256F228A0098F6B3 /* UIViewController+ChildViewController.swift in Sources */,
				C130B724257046B1002E773B /* ATToggleButton.swift in Sources */,
				C130B75A25707CF0002E773B /* ATMapMarker.swift in Sources */,
				C12CF371256E254100FD4651 /* LunchListViewController.swift in Sources */,
				C16DC6D0256DF325004F27CE /* MainViewController.swift in Sources */,
				C130B7322570562B002E773B /* Log.swift in Sources */,
				C130B73725705906002E773B /* LunchMarkerRestaurantView.swift in Sources */,
				C1A6C044256F3D650098F6B3 /* ATSearchBar.swift in Sources */,
				C1A6BF4F256E34770098F6B3 /* Assets.swift in Sources */,
				C1A6C031256EFB7E0098F6B3 /* CandidateCell.swift in Sources */,
				C1DDEE2D256E1C8700F861DC /* L10n.swift in Sources */,
				C1A6C03E256F25910098F6B3 /* LunchMapViewController.swift in Sources */,
				C1A6C049256F6D9F0098F6B3 /* UIView+Shadow.swift in Sources */,
				C16DC6CC256DF325004F27CE /* AppDelegate.swift in Sources */,
				C16DC717256DF3D7004F27CE /* NetworkManager.swift in Sources */,
				C16DC6CE256DF325004F27CE /* SceneDelegate.swift in Sources */,
			);
			runOnlyForDeploymentPostprocessing = 0;
		};
		C16DC6DA256DF327004F27CE /* Sources */ = {
			isa = PBXSourcesBuildPhase;
			buildActionMask = 2147483647;
			files = (
				C16DC6E3256DF327004F27CE /* AllTrailsTests.swift in Sources */,
			);
			runOnlyForDeploymentPostprocessing = 0;
		};
		C16DC6E5256DF327004F27CE /* Sources */ = {
			isa = PBXSourcesBuildPhase;
			buildActionMask = 2147483647;
			files = (
				C16DC6EE256DF327004F27CE /* AllTrailsUITests.swift in Sources */,
			);
			runOnlyForDeploymentPostprocessing = 0;
		};
/* End PBXSourcesBuildPhase section */

/* Begin PBXTargetDependency section */
		C16DC6E0256DF327004F27CE /* PBXTargetDependency */ = {
			isa = PBXTargetDependency;
			target = C16DC6C7256DF325004F27CE /* AllTrails */;
			targetProxy = C16DC6DF256DF327004F27CE /* PBXContainerItemProxy */;
		};
		C16DC6EB256DF327004F27CE /* PBXTargetDependency */ = {
			isa = PBXTargetDependency;
			target = C16DC6C7256DF325004F27CE /* AllTrails */;
			targetProxy = C16DC6EA256DF327004F27CE /* PBXContainerItemProxy */;
		};
/* End PBXTargetDependency section */

/* Begin PBXVariantGroup section */
		C16DC6D1256DF325004F27CE /* Main.storyboard */ = {
			isa = PBXVariantGroup;
			children = (
				C16DC6D2256DF325004F27CE /* Base */,
			);
			name = Main.storyboard;
			sourceTree = "<group>";
		};
		C16DC6D6256DF327004F27CE /* LaunchScreen.storyboard */ = {
			isa = PBXVariantGroup;
			children = (
				C16DC6D7256DF327004F27CE /* Base */,
			);
			name = LaunchScreen.storyboard;
			sourceTree = "<group>";
		};
/* End PBXVariantGroup section */

/* Begin XCBuildConfiguration section */
		C16DC6F0256DF327004F27CE /* Debug */ = {
			isa = XCBuildConfiguration;
			buildSettings = {
				ALWAYS_SEARCH_USER_PATHS = NO;
				CLANG_ANALYZER_NONNULL = YES;
				CLANG_ANALYZER_NUMBER_OBJECT_CONVERSION = YES_AGGRESSIVE;
				CLANG_CXX_LANGUAGE_STANDARD = "gnu++14";
				CLANG_CXX_LIBRARY = "libc++";
				CLANG_ENABLE_MODULES = YES;
				CLANG_ENABLE_OBJC_ARC = YES;
				CLANG_ENABLE_OBJC_WEAK = YES;
				CLANG_WARN_BLOCK_CAPTURE_AUTORELEASING = YES;
				CLANG_WARN_BOOL_CONVERSION = YES;
				CLANG_WARN_COMMA = YES;
				CLANG_WARN_CONSTANT_CONVERSION = YES;
				CLANG_WARN_DEPRECATED_OBJC_IMPLEMENTATIONS = YES;
				CLANG_WARN_DIRECT_OBJC_ISA_USAGE = YES_ERROR;
				CLANG_WARN_DOCUMENTATION_COMMENTS = YES;
				CLANG_WARN_EMPTY_BODY = YES;
				CLANG_WARN_ENUM_CONVERSION = YES;
				CLANG_WARN_INFINITE_RECURSION = YES;
				CLANG_WARN_INT_CONVERSION = YES;
				CLANG_WARN_NON_LITERAL_NULL_CONVERSION = YES;
				CLANG_WARN_OBJC_IMPLICIT_RETAIN_SELF = YES;
				CLANG_WARN_OBJC_LITERAL_CONVERSION = YES;
				CLANG_WARN_OBJC_ROOT_CLASS = YES_ERROR;
				CLANG_WARN_QUOTED_INCLUDE_IN_FRAMEWORK_HEADER = YES;
				CLANG_WARN_RANGE_LOOP_ANALYSIS = YES;
				CLANG_WARN_STRICT_PROTOTYPES = YES;
				CLANG_WARN_SUSPICIOUS_MOVE = YES;
				CLANG_WARN_UNGUARDED_AVAILABILITY = YES_AGGRESSIVE;
				CLANG_WARN_UNREACHABLE_CODE = YES;
				CLANG_WARN__DUPLICATE_METHOD_MATCH = YES;
				COPY_PHASE_STRIP = NO;
				DEBUG_INFORMATION_FORMAT = dwarf;
				ENABLE_STRICT_OBJC_MSGSEND = YES;
				ENABLE_TESTABILITY = YES;
				GCC_C_LANGUAGE_STANDARD = gnu11;
				GCC_DYNAMIC_NO_PIC = NO;
				GCC_NO_COMMON_BLOCKS = YES;
				GCC_OPTIMIZATION_LEVEL = 0;
				GCC_PREPROCESSOR_DEFINITIONS = (
					"DEBUG=1",
					"$(inherited)",
				);
				GCC_WARN_64_TO_32_BIT_CONVERSION = YES;
				GCC_WARN_ABOUT_RETURN_TYPE = YES_ERROR;
				GCC_WARN_UNDECLARED_SELECTOR = YES;
				GCC_WARN_UNINITIALIZED_AUTOS = YES_AGGRESSIVE;
				GCC_WARN_UNUSED_FUNCTION = YES;
				GCC_WARN_UNUSED_VARIABLE = YES;
				IPHONEOS_DEPLOYMENT_TARGET = 14.2;
				MTL_ENABLE_DEBUG_INFO = INCLUDE_SOURCE;
				MTL_FAST_MATH = YES;
				ONLY_ACTIVE_ARCH = YES;
				SDKROOT = iphoneos;
				SWIFT_ACTIVE_COMPILATION_CONDITIONS = DEBUG;
				SWIFT_OPTIMIZATION_LEVEL = "-Onone";
			};
			name = Debug;
		};
		C16DC6F1256DF327004F27CE /* Release */ = {
			isa = XCBuildConfiguration;
			buildSettings = {
				ALWAYS_SEARCH_USER_PATHS = NO;
				CLANG_ANALYZER_NONNULL = YES;
				CLANG_ANALYZER_NUMBER_OBJECT_CONVERSION = YES_AGGRESSIVE;
				CLANG_CXX_LANGUAGE_STANDARD = "gnu++14";
				CLANG_CXX_LIBRARY = "libc++";
				CLANG_ENABLE_MODULES = YES;
				CLANG_ENABLE_OBJC_ARC = YES;
				CLANG_ENABLE_OBJC_WEAK = YES;
				CLANG_WARN_BLOCK_CAPTURE_AUTORELEASING = YES;
				CLANG_WARN_BOOL_CONVERSION = YES;
				CLANG_WARN_COMMA = YES;
				CLANG_WARN_CONSTANT_CONVERSION = YES;
				CLANG_WARN_DEPRECATED_OBJC_IMPLEMENTATIONS = YES;
				CLANG_WARN_DIRECT_OBJC_ISA_USAGE = YES_ERROR;
				CLANG_WARN_DOCUMENTATION_COMMENTS = YES;
				CLANG_WARN_EMPTY_BODY = YES;
				CLANG_WARN_ENUM_CONVERSION = YES;
				CLANG_WARN_INFINITE_RECURSION = YES;
				CLANG_WARN_INT_CONVERSION = YES;
				CLANG_WARN_NON_LITERAL_NULL_CONVERSION = YES;
				CLANG_WARN_OBJC_IMPLICIT_RETAIN_SELF = YES;
				CLANG_WARN_OBJC_LITERAL_CONVERSION = YES;
				CLANG_WARN_OBJC_ROOT_CLASS = YES_ERROR;
				CLANG_WARN_QUOTED_INCLUDE_IN_FRAMEWORK_HEADER = YES;
				CLANG_WARN_RANGE_LOOP_ANALYSIS = YES;
				CLANG_WARN_STRICT_PROTOTYPES = YES;
				CLANG_WARN_SUSPICIOUS_MOVE = YES;
				CLANG_WARN_UNGUARDED_AVAILABILITY = YES_AGGRESSIVE;
				CLANG_WARN_UNREACHABLE_CODE = YES;
				CLANG_WARN__DUPLICATE_METHOD_MATCH = YES;
				COPY_PHASE_STRIP = NO;
				DEBUG_INFORMATION_FORMAT = "dwarf-with-dsym";
				ENABLE_NS_ASSERTIONS = NO;
				ENABLE_STRICT_OBJC_MSGSEND = YES;
				GCC_C_LANGUAGE_STANDARD = gnu11;
				GCC_NO_COMMON_BLOCKS = YES;
				GCC_WARN_64_TO_32_BIT_CONVERSION = YES;
				GCC_WARN_ABOUT_RETURN_TYPE = YES_ERROR;
				GCC_WARN_UNDECLARED_SELECTOR = YES;
				GCC_WARN_UNINITIALIZED_AUTOS = YES_AGGRESSIVE;
				GCC_WARN_UNUSED_FUNCTION = YES;
				GCC_WARN_UNUSED_VARIABLE = YES;
				IPHONEOS_DEPLOYMENT_TARGET = 14.2;
				MTL_ENABLE_DEBUG_INFO = NO;
				MTL_FAST_MATH = YES;
				SDKROOT = iphoneos;
				SWIFT_COMPILATION_MODE = wholemodule;
				SWIFT_OPTIMIZATION_LEVEL = "-O";
				VALIDATE_PRODUCT = YES;
			};
			name = Release;
		};
		C16DC6F3256DF327004F27CE /* Debug */ = {
			isa = XCBuildConfiguration;
			baseConfigurationReference = AE0B438C5786C66AB26501B7 /* Pods-AllTrails.debug.xcconfig */;
			buildSettings = {
				ASSETCATALOG_COMPILER_APPICON_NAME = AppIcon;
				ASSETCATALOG_COMPILER_GLOBAL_ACCENT_COLOR_NAME = AccentColor;
				CODE_SIGN_STYLE = Automatic;
				DEVELOPMENT_TEAM = W735WRNN72;
				INFOPLIST_FILE = AllTrails/Info.plist;
				IPHONEOS_DEPLOYMENT_TARGET = 13.0;
				LD_RUNPATH_SEARCH_PATHS = (
					"$(inherited)",
					"@executable_path/Frameworks",
				);
				PRODUCT_BUNDLE_IDENTIFIER = com.AryamanSharda.AllTrails;
				PRODUCT_NAME = "$(TARGET_NAME)";
				SWIFT_VERSION = 5.0;
				TARGETED_DEVICE_FAMILY = "1,2";
			};
			name = Debug;
		};
		C16DC6F4256DF327004F27CE /* Release */ = {
			isa = XCBuildConfiguration;
			baseConfigurationReference = DD9B3B01AF452167FB07DB5E /* Pods-AllTrails.release.xcconfig */;
			buildSettings = {
				ASSETCATALOG_COMPILER_APPICON_NAME = AppIcon;
				ASSETCATALOG_COMPILER_GLOBAL_ACCENT_COLOR_NAME = AccentColor;
				CODE_SIGN_STYLE = Automatic;
				DEVELOPMENT_TEAM = W735WRNN72;
				INFOPLIST_FILE = AllTrails/Info.plist;
				IPHONEOS_DEPLOYMENT_TARGET = 13.0;
				LD_RUNPATH_SEARCH_PATHS = (
					"$(inherited)",
					"@executable_path/Frameworks",
				);
				PRODUCT_BUNDLE_IDENTIFIER = com.AryamanSharda.AllTrails;
				PRODUCT_NAME = "$(TARGET_NAME)";
				SWIFT_VERSION = 5.0;
				TARGETED_DEVICE_FAMILY = "1,2";
			};
			name = Release;
		};
		C16DC6F6256DF327004F27CE /* Debug */ = {
			isa = XCBuildConfiguration;
			baseConfigurationReference = 41C0528A46A3774E47C7C907 /* Pods-AllTrailsTests.debug.xcconfig */;
			buildSettings = {
				ALWAYS_EMBED_SWIFT_STANDARD_LIBRARIES = YES;
				BUNDLE_LOADER = "$(TEST_HOST)";
				CODE_SIGN_STYLE = Automatic;
				DEVELOPMENT_TEAM = W735WRNN72;
				INFOPLIST_FILE = AllTrailsTests/Info.plist;
				IPHONEOS_DEPLOYMENT_TARGET = 14.2;
				LD_RUNPATH_SEARCH_PATHS = (
					"$(inherited)",
					"@executable_path/Frameworks",
					"@loader_path/Frameworks",
				);
				PRODUCT_BUNDLE_IDENTIFIER = com.AryamanSharda.AllTrailsTests;
				PRODUCT_NAME = "$(TARGET_NAME)";
				SWIFT_VERSION = 5.0;
				TARGETED_DEVICE_FAMILY = "1,2";
				TEST_HOST = "$(BUILT_PRODUCTS_DIR)/AllTrails.app/AllTrails";
			};
			name = Debug;
		};
		C16DC6F7256DF327004F27CE /* Release */ = {
			isa = XCBuildConfiguration;
			baseConfigurationReference = FC98B90F9B70200357D7CAA8 /* Pods-AllTrailsTests.release.xcconfig */;
			buildSettings = {
				ALWAYS_EMBED_SWIFT_STANDARD_LIBRARIES = YES;
				BUNDLE_LOADER = "$(TEST_HOST)";
				CODE_SIGN_STYLE = Automatic;
				DEVELOPMENT_TEAM = W735WRNN72;
				INFOPLIST_FILE = AllTrailsTests/Info.plist;
				IPHONEOS_DEPLOYMENT_TARGET = 14.2;
				LD_RUNPATH_SEARCH_PATHS = (
					"$(inherited)",
					"@executable_path/Frameworks",
					"@loader_path/Frameworks",
				);
				PRODUCT_BUNDLE_IDENTIFIER = com.AryamanSharda.AllTrailsTests;
				PRODUCT_NAME = "$(TARGET_NAME)";
				SWIFT_VERSION = 5.0;
				TARGETED_DEVICE_FAMILY = "1,2";
				TEST_HOST = "$(BUILT_PRODUCTS_DIR)/AllTrails.app/AllTrails";
			};
			name = Release;
		};
		C16DC6F9256DF327004F27CE /* Debug */ = {
			isa = XCBuildConfiguration;
			baseConfigurationReference = 1C25D633DA460829758D2C79 /* Pods-AllTrails-AllTrailsUITests.debug.xcconfig */;
			buildSettings = {
				ALWAYS_EMBED_SWIFT_STANDARD_LIBRARIES = YES;
				CODE_SIGN_STYLE = Automatic;
				DEVELOPMENT_TEAM = W735WRNN72;
				INFOPLIST_FILE = AllTrailsUITests/Info.plist;
				LD_RUNPATH_SEARCH_PATHS = (
					"$(inherited)",
					"@executable_path/Frameworks",
					"@loader_path/Frameworks",
				);
				PRODUCT_BUNDLE_IDENTIFIER = com.AryamanSharda.AllTrailsUITests;
				PRODUCT_NAME = "$(TARGET_NAME)";
				SWIFT_VERSION = 5.0;
				TARGETED_DEVICE_FAMILY = "1,2";
				TEST_TARGET_NAME = AllTrails;
			};
			name = Debug;
		};
		C16DC6FA256DF327004F27CE /* Release */ = {
			isa = XCBuildConfiguration;
			baseConfigurationReference = FF5713F0657674050850C502 /* Pods-AllTrails-AllTrailsUITests.release.xcconfig */;
			buildSettings = {
				ALWAYS_EMBED_SWIFT_STANDARD_LIBRARIES = YES;
				CODE_SIGN_STYLE = Automatic;
				DEVELOPMENT_TEAM = W735WRNN72;
				INFOPLIST_FILE = AllTrailsUITests/Info.plist;
				LD_RUNPATH_SEARCH_PATHS = (
					"$(inherited)",
					"@executable_path/Frameworks",
					"@loader_path/Frameworks",
				);
				PRODUCT_BUNDLE_IDENTIFIER = com.AryamanSharda.AllTrailsUITests;
				PRODUCT_NAME = "$(TARGET_NAME)";
				SWIFT_VERSION = 5.0;
				TARGETED_DEVICE_FAMILY = "1,2";
				TEST_TARGET_NAME = AllTrails;
			};
			name = Release;
		};
/* End XCBuildConfiguration section */

/* Begin XCConfigurationList section */
		C16DC6C3256DF325004F27CE /* Build configuration list for PBXProject "AllTrails" */ = {
			isa = XCConfigurationList;
			buildConfigurations = (
				C16DC6F0256DF327004F27CE /* Debug */,
				C16DC6F1256DF327004F27CE /* Release */,
			);
			defaultConfigurationIsVisible = 0;
			defaultConfigurationName = Release;
		};
		C16DC6F2256DF327004F27CE /* Build configuration list for PBXNativeTarget "AllTrails" */ = {
			isa = XCConfigurationList;
			buildConfigurations = (
				C16DC6F3256DF327004F27CE /* Debug */,
				C16DC6F4256DF327004F27CE /* Release */,
			);
			defaultConfigurationIsVisible = 0;
			defaultConfigurationName = Release;
		};
		C16DC6F5256DF327004F27CE /* Build configuration list for PBXNativeTarget "AllTrailsTests" */ = {
			isa = XCConfigurationList;
			buildConfigurations = (
				C16DC6F6256DF327004F27CE /* Debug */,
				C16DC6F7256DF327004F27CE /* Release */,
			);
			defaultConfigurationIsVisible = 0;
			defaultConfigurationName = Release;
		};
		C16DC6F8256DF327004F27CE /* Build configuration list for PBXNativeTarget "AllTrailsUITests" */ = {
			isa = XCConfigurationList;
			buildConfigurations = (
				C16DC6F9256DF327004F27CE /* Debug */,
				C16DC6FA256DF327004F27CE /* Release */,
			);
			defaultConfigurationIsVisible = 0;
			defaultConfigurationName = Release;
		};
/* End XCConfigurationList section */
	};
	rootObject = C16DC6C0256DF325004F27CE /* Project object */;
}
